
Microsoft Visual Studio Solution File, Format Version 12.00
# Visual Studio Version 17
VisualStudioVersion = 17.13.35931.197 d17.13
MinimumVisualStudioVersion = 10.0.40219.1
Project("{FAE04EC0-301F-11D3-BF4B-00C04F79EFBC}") = "HelloWorld", "HelloWorld.csproj", "{6A5CED40-2B66-461D-BC62-554E0981B622}"
EndProject
Global
	GlobalSection(SolutionConfigurationPlatforms) = preSolution
		Debug|Any CPU = Debug|Any CPU
		Release|Any CPU = Release|Any CPU
	EndGlobalSection
	GlobalSection(ProjectConfigurationPlatforms) = postSolution
		{6A5CED40-2B66-461D-BC62-554E0981B622}.Debug|Any CPU.ActiveCfg = Debug|Any CPU
		{6A5CED40-2B66-461D-BC62-554E0981B622}.Debug|Any CPU.Build.0 = Debug|Any CPU
		{6A5CED40-2B66-461D-BC62-554E0981B622}.Release|Any CPU.ActiveCfg = Release|Any CPU
		{6A5CED40-2B66-461D-BC62-554E0981B622}.Release|Any CPU.Build.0 = Release|Any CPU
	EndGlobalSection
	GlobalSection(SolutionProperties) = preSolution
		HideSolutionNode = FALSE
	EndGlobalSection
	GlobalSection(ExtensibilityGlobals) = postSolution
		SolutionGuid = {CF08FB52-B464-403D-8418-3821DEDDB339}
	EndGlobalSection
EndGlobal
